// !$*UTF8*$!
{
	archiveVersion = 1;
	classes = {
	};
	objectVersion = 56;
	objects = {

/* Begin PBXBuildFile section */
		8D2CB29C299277D9009CA52E /* UITextField+.swift in Sources */ = {isa = PBXBuildFile; fileRef = 8D2CB29B299277D9009CA52E /* UITextField+.swift */; };
		8D2CB2A2299285A9009CA52E /* LocalFileManager.swift in Sources */ = {isa = PBXBuildFile; fileRef = 8D2CB2A1299285A9009CA52E /* LocalFileManager.swift */; };
		8D2CB2A429928601009CA52E /* CredentialService.swift in Sources */ = {isa = PBXBuildFile; fileRef = 8D2CB2A329928601009CA52E /* CredentialService.swift */; };
		8D2CB2A62992861B009CA52E /* Credentials.swift in Sources */ = {isa = PBXBuildFile; fileRef = 8D2CB2A52992861B009CA52E /* Credentials.swift */; };
		8D2CB2A829928669009CA52E /* AppState.swift in Sources */ = {isa = PBXBuildFile; fileRef = 8D2CB2A729928669009CA52E /* AppState.swift */; };
		8D2CB2AB2992873C009CA52E /* RegisterView.swift in Sources */ = {isa = PBXBuildFile; fileRef = 8D2CB2AA2992873C009CA52E /* RegisterView.swift */; };
		8D2CB2B0299289EA009CA52E /* HomeView.swift in Sources */ = {isa = PBXBuildFile; fileRef = 8D2CB2AF299289EA009CA52E /* HomeView.swift */; };
		8D2CB2B42992D0CB009CA52E /* UIViewController+.swift in Sources */ = {isa = PBXBuildFile; fileRef = 8D2CB2B32992D0CB009CA52E /* UIViewController+.swift */; };
		8D2CB2B62992DD0A009CA52E /* UserDefaultsManager.swift in Sources */ = {isa = PBXBuildFile; fileRef = 8D2CB2B52992DD0A009CA52E /* UserDefaultsManager.swift */; };
		8D2CB2B92992EBB4009CA52E /* HomeTableViewCell.swift in Sources */ = {isa = PBXBuildFile; fileRef = 8D2CB2B82992EBB4009CA52E /* HomeTableViewCell.swift */; };
		8D2CB2BF2992F1C9009CA52E /* Person.swift in Sources */ = {isa = PBXBuildFile; fileRef = 8D2CB2BE2992F1C9009CA52E /* Person.swift */; };
		8D2CB2C12992F3D9009CA52E /* ImageService.swift in Sources */ = {isa = PBXBuildFile; fileRef = 8D2CB2C02992F3D9009CA52E /* ImageService.swift */; };
		8D2CB2C32992FB30009CA52E /* PersonService.swift in Sources */ = {isa = PBXBuildFile; fileRef = 8D2CB2C22992FB30009CA52E /* PersonService.swift */; };
		8D6475432991C44B00B74EAF /* AppDelegate.swift in Sources */ = {isa = PBXBuildFile; fileRef = 8D6475422991C44B00B74EAF /* AppDelegate.swift */; };
		8D6475452991C44B00B74EAF /* SceneDelegate.swift in Sources */ = {isa = PBXBuildFile; fileRef = 8D6475442991C44B00B74EAF /* SceneDelegate.swift */; };
		8D64754C2991C44D00B74EAF /* Assets.xcassets in Resources */ = {isa = PBXBuildFile; fileRef = 8D64754B2991C44D00B74EAF /* Assets.xcassets */; };
		8D64754F2991C44D00B74EAF /* LaunchScreen.storyboard in Resources */ = {isa = PBXBuildFile; fileRef = 8D64754D2991C44D00B74EAF /* LaunchScreen.storyboard */; };
		8D6475582991C51700B74EAF /* FirebaseAuth in Frameworks */ = {isa = PBXBuildFile; productRef = 8D6475572991C51700B74EAF /* FirebaseAuth */; };
		8D64755A2991C51700B74EAF /* FirebaseFirestore in Frameworks */ = {isa = PBXBuildFile; productRef = 8D6475592991C51700B74EAF /* FirebaseFirestore */; };
		8D64755C2991C98C00B74EAF /* GoogleService-Info.plist in Resources */ = {isa = PBXBuildFile; fileRef = 8D64755B2991C98C00B74EAF /* GoogleService-Info.plist */; };
		8D6475622991D48400B74EAF /* LoginView.swift in Sources */ = {isa = PBXBuildFile; fileRef = 8D6475612991D48400B74EAF /* LoginView.swift */; };
		8D7401D9299BDA1C008BFE17 /* LoginPresenter.swift in Sources */ = {isa = PBXBuildFile; fileRef = 8D7401D3299BDA1C008BFE17 /* LoginPresenter.swift */; };
		8D7401DA299BDA1C008BFE17 /* LoginWorker.swift in Sources */ = {isa = PBXBuildFile; fileRef = 8D7401D4299BDA1C008BFE17 /* LoginWorker.swift */; };
		8D7401DB299BDA1C008BFE17 /* LoginRouter.swift in Sources */ = {isa = PBXBuildFile; fileRef = 8D7401D5299BDA1C008BFE17 /* LoginRouter.swift */; };
		8D7401DC299BDA1C008BFE17 /* LoginModels.swift in Sources */ = {isa = PBXBuildFile; fileRef = 8D7401D6299BDA1C008BFE17 /* LoginModels.swift */; };
		8D7401DD299BDA1C008BFE17 /* LoginViewController.swift in Sources */ = {isa = PBXBuildFile; fileRef = 8D7401D7299BDA1C008BFE17 /* LoginViewController.swift */; };
		8D7401DE299BDA1C008BFE17 /* LoginInteractor.swift in Sources */ = {isa = PBXBuildFile; fileRef = 8D7401D8299BDA1C008BFE17 /* LoginInteractor.swift */; };
		8D7401E5299BFC7F008BFE17 /* RegisterPresenter.swift in Sources */ = {isa = PBXBuildFile; fileRef = 8D7401DF299BFC7F008BFE17 /* RegisterPresenter.swift */; };
		8D7401E6299BFC7F008BFE17 /* RegisterWorker.swift in Sources */ = {isa = PBXBuildFile; fileRef = 8D7401E0299BFC7F008BFE17 /* RegisterWorker.swift */; };
		8D7401E7299BFC7F008BFE17 /* RegisterRouter.swift in Sources */ = {isa = PBXBuildFile; fileRef = 8D7401E1299BFC7F008BFE17 /* RegisterRouter.swift */; };
		8D7401E8299BFC7F008BFE17 /* RegisterModels.swift in Sources */ = {isa = PBXBuildFile; fileRef = 8D7401E2299BFC7F008BFE17 /* RegisterModels.swift */; };
		8D7401E9299BFC7F008BFE17 /* RegisterViewController.swift in Sources */ = {isa = PBXBuildFile; fileRef = 8D7401E3299BFC7F008BFE17 /* RegisterViewController.swift */; };
		8D7401EA299BFC7F008BFE17 /* RegisterInteractor.swift in Sources */ = {isa = PBXBuildFile; fileRef = 8D7401E4299BFC7F008BFE17 /* RegisterInteractor.swift */; };
		8D7401F1299C0830008BFE17 /* HomePresenter.swift in Sources */ = {isa = PBXBuildFile; fileRef = 8D7401EB299C0830008BFE17 /* HomePresenter.swift */; };
		8D7401F2299C0830008BFE17 /* HomeWorker.swift in Sources */ = {isa = PBXBuildFile; fileRef = 8D7401EC299C0830008BFE17 /* HomeWorker.swift */; };
		8D7401F3299C0830008BFE17 /* HomeRouter.swift in Sources */ = {isa = PBXBuildFile; fileRef = 8D7401ED299C0830008BFE17 /* HomeRouter.swift */; };
		8D7401F4299C0830008BFE17 /* HomeModels.swift in Sources */ = {isa = PBXBuildFile; fileRef = 8D7401EE299C0830008BFE17 /* HomeModels.swift */; };
		8D7401F5299C0830008BFE17 /* HomeViewController.swift in Sources */ = {isa = PBXBuildFile; fileRef = 8D7401EF299C0830008BFE17 /* HomeViewController.swift */; };
		8D7401F6299C0830008BFE17 /* HomeInteractor.swift in Sources */ = {isa = PBXBuildFile; fileRef = 8D7401F0299C0830008BFE17 /* HomeInteractor.swift */; };
		8DF1192D29959296001CF74E /* PersonViewController.swift in Sources */ = {isa = PBXBuildFile; fileRef = 8DF1192C29959296001CF74E /* PersonViewController.swift */; };
		8DF1192F299592A1001CF74E /* PersonView.swift in Sources */ = {isa = PBXBuildFile; fileRef = 8DF1192E299592A1001CF74E /* PersonView.swift */; };
/* End PBXBuildFile section */

/* Begin PBXFileReference section */
		8D2CB29B299277D9009CA52E /* UITextField+.swift */ = {isa = PBXFileReference; lastKnownFileType = sourcecode.swift; path = "UITextField+.swift"; sourceTree = "<group>"; };
		8D2CB2A1299285A9009CA52E /* LocalFileManager.swift */ = {isa = PBXFileReference; lastKnownFileType = sourcecode.swift; path = LocalFileManager.swift; sourceTree = "<group>"; };
		8D2CB2A329928601009CA52E /* CredentialService.swift */ = {isa = PBXFileReference; lastKnownFileType = sourcecode.swift; path = CredentialService.swift; sourceTree = "<group>"; };
		8D2CB2A52992861B009CA52E /* Credentials.swift */ = {isa = PBXFileReference; lastKnownFileType = sourcecode.swift; path = Credentials.swift; sourceTree = "<group>"; };
		8D2CB2A729928669009CA52E /* AppState.swift */ = {isa = PBXFileReference; lastKnownFileType = sourcecode.swift; path = AppState.swift; sourceTree = "<group>"; };
		8D2CB2AA2992873C009CA52E /* RegisterView.swift */ = {isa = PBXFileReference; lastKnownFileType = sourcecode.swift; path = RegisterView.swift; sourceTree = "<group>"; };
		8D2CB2AF299289EA009CA52E /* HomeView.swift */ = {isa = PBXFileReference; lastKnownFileType = sourcecode.swift; path = HomeView.swift; sourceTree = "<group>"; };
		8D2CB2B32992D0CB009CA52E /* UIViewController+.swift */ = {isa = PBXFileReference; lastKnownFileType = sourcecode.swift; path = "UIViewController+.swift"; sourceTree = "<group>"; };
		8D2CB2B52992DD0A009CA52E /* UserDefaultsManager.swift */ = {isa = PBXFileReference; lastKnownFileType = sourcecode.swift; path = UserDefaultsManager.swift; sourceTree = "<group>"; };
		8D2CB2B82992EBB4009CA52E /* HomeTableViewCell.swift */ = {isa = PBXFileReference; lastKnownFileType = sourcecode.swift; path = HomeTableViewCell.swift; sourceTree = "<group>"; };
		8D2CB2BE2992F1C9009CA52E /* Person.swift */ = {isa = PBXFileReference; lastKnownFileType = sourcecode.swift; path = Person.swift; sourceTree = "<group>"; };
		8D2CB2C02992F3D9009CA52E /* ImageService.swift */ = {isa = PBXFileReference; lastKnownFileType = sourcecode.swift; path = ImageService.swift; sourceTree = "<group>"; };
		8D2CB2C22992FB30009CA52E /* PersonService.swift */ = {isa = PBXFileReference; lastKnownFileType = sourcecode.swift; path = PersonService.swift; sourceTree = "<group>"; };
		8D64753F2991C44B00B74EAF /* ArchitecturesUIKit.app */ = {isa = PBXFileReference; explicitFileType = wrapper.application; includeInIndex = 0; path = ArchitecturesUIKit.app; sourceTree = BUILT_PRODUCTS_DIR; };
		8D6475422991C44B00B74EAF /* AppDelegate.swift */ = {isa = PBXFileReference; lastKnownFileType = sourcecode.swift; path = AppDelegate.swift; sourceTree = "<group>"; };
		8D6475442991C44B00B74EAF /* SceneDelegate.swift */ = {isa = PBXFileReference; lastKnownFileType = sourcecode.swift; path = SceneDelegate.swift; sourceTree = "<group>"; };
		8D64754B2991C44D00B74EAF /* Assets.xcassets */ = {isa = PBXFileReference; lastKnownFileType = folder.assetcatalog; path = Assets.xcassets; sourceTree = "<group>"; };
		8D64754E2991C44D00B74EAF /* Base */ = {isa = PBXFileReference; lastKnownFileType = file.storyboard; name = Base; path = Base.lproj/LaunchScreen.storyboard; sourceTree = "<group>"; };
		8D6475502991C44D00B74EAF /* Info.plist */ = {isa = PBXFileReference; lastKnownFileType = text.plist.xml; path = Info.plist; sourceTree = "<group>"; };
		8D64755B2991C98C00B74EAF /* GoogleService-Info.plist */ = {isa = PBXFileReference; fileEncoding = 4; lastKnownFileType = text.plist.xml; path = "GoogleService-Info.plist"; sourceTree = "<group>"; };
		8D6475612991D48400B74EAF /* LoginView.swift */ = {isa = PBXFileReference; lastKnownFileType = sourcecode.swift; path = LoginView.swift; sourceTree = "<group>"; };
		8D7401D3299BDA1C008BFE17 /* LoginPresenter.swift */ = {isa = PBXFileReference; lastKnownFileType = sourcecode.swift; path = LoginPresenter.swift; sourceTree = "<group>"; };
		8D7401D4299BDA1C008BFE17 /* LoginWorker.swift */ = {isa = PBXFileReference; lastKnownFileType = sourcecode.swift; path = LoginWorker.swift; sourceTree = "<group>"; };
		8D7401D5299BDA1C008BFE17 /* LoginRouter.swift */ = {isa = PBXFileReference; lastKnownFileType = sourcecode.swift; path = LoginRouter.swift; sourceTree = "<group>"; };
		8D7401D6299BDA1C008BFE17 /* LoginModels.swift */ = {isa = PBXFileReference; lastKnownFileType = sourcecode.swift; path = LoginModels.swift; sourceTree = "<group>"; };
		8D7401D7299BDA1C008BFE17 /* LoginViewController.swift */ = {isa = PBXFileReference; lastKnownFileType = sourcecode.swift; path = LoginViewController.swift; sourceTree = "<group>"; };
		8D7401D8299BDA1C008BFE17 /* LoginInteractor.swift */ = {isa = PBXFileReference; lastKnownFileType = sourcecode.swift; path = LoginInteractor.swift; sourceTree = "<group>"; };
		8D7401DF299BFC7F008BFE17 /* RegisterPresenter.swift */ = {isa = PBXFileReference; lastKnownFileType = sourcecode.swift; path = RegisterPresenter.swift; sourceTree = "<group>"; };
		8D7401E0299BFC7F008BFE17 /* RegisterWorker.swift */ = {isa = PBXFileReference; lastKnownFileType = sourcecode.swift; path = RegisterWorker.swift; sourceTree = "<group>"; };
		8D7401E1299BFC7F008BFE17 /* RegisterRouter.swift */ = {isa = PBXFileReference; lastKnownFileType = sourcecode.swift; path = RegisterRouter.swift; sourceTree = "<group>"; };
		8D7401E2299BFC7F008BFE17 /* RegisterModels.swift */ = {isa = PBXFileReference; lastKnownFileType = sourcecode.swift; path = RegisterModels.swift; sourceTree = "<group>"; };
		8D7401E3299BFC7F008BFE17 /* RegisterViewController.swift */ = {isa = PBXFileReference; lastKnownFileType = sourcecode.swift; path = RegisterViewController.swift; sourceTree = "<group>"; };
		8D7401E4299BFC7F008BFE17 /* RegisterInteractor.swift */ = {isa = PBXFileReference; lastKnownFileType = sourcecode.swift; path = RegisterInteractor.swift; sourceTree = "<group>"; };
		8D7401EB299C0830008BFE17 /* HomePresenter.swift */ = {isa = PBXFileReference; lastKnownFileType = sourcecode.swift; path = HomePresenter.swift; sourceTree = "<group>"; };
		8D7401EC299C0830008BFE17 /* HomeWorker.swift */ = {isa = PBXFileReference; lastKnownFileType = sourcecode.swift; path = HomeWorker.swift; sourceTree = "<group>"; };
		8D7401ED299C0830008BFE17 /* HomeRouter.swift */ = {isa = PBXFileReference; lastKnownFileType = sourcecode.swift; path = HomeRouter.swift; sourceTree = "<group>"; };
		8D7401EE299C0830008BFE17 /* HomeModels.swift */ = {isa = PBXFileReference; lastKnownFileType = sourcecode.swift; path = HomeModels.swift; sourceTree = "<group>"; };
		8D7401EF299C0830008BFE17 /* HomeViewController.swift */ = {isa = PBXFileReference; lastKnownFileType = sourcecode.swift; path = HomeViewController.swift; sourceTree = "<group>"; };
		8D7401F0299C0830008BFE17 /* HomeInteractor.swift */ = {isa = PBXFileReference; lastKnownFileType = sourcecode.swift; path = HomeInteractor.swift; sourceTree = "<group>"; };
		8DF1192C29959296001CF74E /* PersonViewController.swift */ = {isa = PBXFileReference; lastKnownFileType = sourcecode.swift; path = PersonViewController.swift; sourceTree = "<group>"; };
		8DF1192E299592A1001CF74E /* PersonView.swift */ = {isa = PBXFileReference; lastKnownFileType = sourcecode.swift; path = PersonView.swift; sourceTree = "<group>"; };
/* End PBXFileReference section */

/* Begin PBXFrameworksBuildPhase section */
		8D64753C2991C44B00B74EAF /* Frameworks */ = {
			isa = PBXFrameworksBuildPhase;
			buildActionMask = 2147483647;
			files = (
				8D6475582991C51700B74EAF /* FirebaseAuth in Frameworks */,
				8D64755A2991C51700B74EAF /* FirebaseFirestore in Frameworks */,
			);
			runOnlyForDeploymentPostprocessing = 0;
		};
/* End PBXFrameworksBuildPhase section */

/* Begin PBXGroup section */
		8D2CB29A299277C5009CA52E /* Extensions */ = {
			isa = PBXGroup;
			children = (
				8D2CB29B299277D9009CA52E /* UITextField+.swift */,
				8D2CB2B32992D0CB009CA52E /* UIViewController+.swift */,
			);
			name = Extensions;
			sourceTree = "<group>";
		};
		8D2CB29D2992853B009CA52E /* Models */ = {
			isa = PBXGroup;
			children = (
				8D2CB2A52992861B009CA52E /* Credentials.swift */,
				8D2CB2BE2992F1C9009CA52E /* Person.swift */,
			);
			name = Models;
			sourceTree = "<group>";
		};
		8D2CB29E29928543009CA52E /* Utilities */ = {
			isa = PBXGroup;
			children = (
				8D2CB2A1299285A9009CA52E /* LocalFileManager.swift */,
				8D2CB2B52992DD0A009CA52E /* UserDefaultsManager.swift */,
			);
			name = Utilities;
			sourceTree = "<group>";
		};
		8D2CB29F29928549009CA52E /* Services */ = {
			isa = PBXGroup;
			children = (
				8D2CB2A329928601009CA52E /* CredentialService.swift */,
				8D2CB2C22992FB30009CA52E /* PersonService.swift */,
				8D2CB2C02992F3D9009CA52E /* ImageService.swift */,
			);
			name = Services;
			sourceTree = "<group>";
		};
		8D2CB2A02992855E009CA52E /* Core */ = {
			isa = PBXGroup;
			children = (
				8D64755E2991D42200B74EAF /* Login */,
				8D2CB2A929928729009CA52E /* Register */,
				8D2CB2AE299289DB009CA52E /* Home */,
			);
			name = Core;
			sourceTree = "<group>";
		};
		8D2CB2A929928729009CA52E /* Register */ = {
			isa = PBXGroup;
			children = (
				8D7401DF299BFC7F008BFE17 /* RegisterPresenter.swift */,
				8D7401E0299BFC7F008BFE17 /* RegisterWorker.swift */,
				8D7401E1299BFC7F008BFE17 /* RegisterRouter.swift */,
				8D7401E2299BFC7F008BFE17 /* RegisterModels.swift */,
				8D7401E3299BFC7F008BFE17 /* RegisterViewController.swift */,
				8D7401E4299BFC7F008BFE17 /* RegisterInteractor.swift */,
				8D2CB2AA2992873C009CA52E /* RegisterView.swift */,
			);
			name = Register;
			sourceTree = "<group>";
		};
		8D2CB2AE299289DB009CA52E /* Home */ = {
			isa = PBXGroup;
			children = (
				8D7401EB299C0830008BFE17 /* HomePresenter.swift */,
				8D7401EC299C0830008BFE17 /* HomeWorker.swift */,
				8D7401ED299C0830008BFE17 /* HomeRouter.swift */,
				8D7401EE299C0830008BFE17 /* HomeModels.swift */,
				8D7401EF299C0830008BFE17 /* HomeViewController.swift */,
				8D7401F0299C0830008BFE17 /* HomeInteractor.swift */,
				8D2CB2AF299289EA009CA52E /* HomeView.swift */,
				8D2CB2B72992EB9C009CA52E /* Cell */,
				8DF1192B2995925A001CF74E /* PersonDetail */,
			);
			name = Home;
			sourceTree = "<group>";
		};
		8D2CB2B72992EB9C009CA52E /* Cell */ = {
			isa = PBXGroup;
			children = (
				8D2CB2B82992EBB4009CA52E /* HomeTableViewCell.swift */,
			);
			name = Cell;
			sourceTree = "<group>";
		};
		8D6475362991C44B00B74EAF = {
			isa = PBXGroup;
			children = (
				8D6475412991C44B00B74EAF /* ArchitecturesUIKit */,
				8D6475402991C44B00B74EAF /* Products */,
			);
			sourceTree = "<group>";
		};
		8D6475402991C44B00B74EAF /* Products */ = {
			isa = PBXGroup;
			children = (
				8D64753F2991C44B00B74EAF /* ArchitecturesUIKit.app */,
			);
			name = Products;
			sourceTree = "<group>";
		};
		8D6475412991C44B00B74EAF /* ArchitecturesUIKit */ = {
			isa = PBXGroup;
			children = (
				8D64755D2991D3FA00B74EAF /* Files */,
				8D6475422991C44B00B74EAF /* AppDelegate.swift */,
				8D6475442991C44B00B74EAF /* SceneDelegate.swift */,
				8D2CB2A729928669009CA52E /* AppState.swift */,
				8D2CB29E29928543009CA52E /* Utilities */,
				8D2CB29F29928549009CA52E /* Services */,
				8D2CB29D2992853B009CA52E /* Models */,
				8D2CB29A299277C5009CA52E /* Extensions */,
				8D2CB2A02992855E009CA52E /* Core */,
			);
			path = ArchitecturesUIKit;
			sourceTree = "<group>";
		};
		8D64755D2991D3FA00B74EAF /* Files */ = {
			isa = PBXGroup;
			children = (
				8D64754B2991C44D00B74EAF /* Assets.xcassets */,
				8D64754D2991C44D00B74EAF /* LaunchScreen.storyboard */,
				8D6475502991C44D00B74EAF /* Info.plist */,
				8D64755B2991C98C00B74EAF /* GoogleService-Info.plist */,
			);
			name = Files;
			sourceTree = "<group>";
		};
		8D64755E2991D42200B74EAF /* Login */ = {
			isa = PBXGroup;
			children = (
				8D7401D3299BDA1C008BFE17 /* LoginPresenter.swift */,
				8D7401D4299BDA1C008BFE17 /* LoginWorker.swift */,
				8D7401D5299BDA1C008BFE17 /* LoginRouter.swift */,
				8D7401D6299BDA1C008BFE17 /* LoginModels.swift */,
				8D7401D7299BDA1C008BFE17 /* LoginViewController.swift */,
				8D7401D8299BDA1C008BFE17 /* LoginInteractor.swift */,
				8D6475612991D48400B74EAF /* LoginView.swift */,
			);
			name = Login;
			sourceTree = "<group>";
		};
		8DF1192B2995925A001CF74E /* PersonDetail */ = {
			isa = PBXGroup;
			children = (
				8DF1192C29959296001CF74E /* PersonViewController.swift */,
				8DF1192E299592A1001CF74E /* PersonView.swift */,
			);
			name = PersonDetail;
			sourceTree = "<group>";
		};
/* End PBXGroup section */

/* Begin PBXNativeTarget section */
		8D64753E2991C44B00B74EAF /* ArchitecturesUIKit */ = {
			isa = PBXNativeTarget;
			buildConfigurationList = 8D6475532991C44D00B74EAF /* Build configuration list for PBXNativeTarget "ArchitecturesUIKit" */;
			buildPhases = (
				8D64753B2991C44B00B74EAF /* Sources */,
				8D64753C2991C44B00B74EAF /* Frameworks */,
				8D64753D2991C44B00B74EAF /* Resources */,
			);
			buildRules = (
			);
			dependencies = (
			);
			name = ArchitecturesUIKit;
			packageProductDependencies = (
				8D6475572991C51700B74EAF /* FirebaseAuth */,
				8D6475592991C51700B74EAF /* FirebaseFirestore */,
			);
			productName = ArchitecturesUIKit;
			productReference = 8D64753F2991C44B00B74EAF /* ArchitecturesUIKit.app */;
			productType = "com.apple.product-type.application";
		};
/* End PBXNativeTarget section */

/* Begin PBXProject section */
		8D6475372991C44B00B74EAF /* Project object */ = {
			isa = PBXProject;
			attributes = {
				BuildIndependentTargetsInParallel = 1;
				LastSwiftUpdateCheck = 1420;
				LastUpgradeCheck = 1420;
				TargetAttributes = {
					8D64753E2991C44B00B74EAF = {
						CreatedOnToolsVersion = 14.2;
					};
				};
			};
			buildConfigurationList = 8D64753A2991C44B00B74EAF /* Build configuration list for PBXProject "ArchitecturesUIKit" */;
			compatibilityVersion = "Xcode 14.0";
			developmentRegion = en;
			hasScannedForEncodings = 0;
			knownRegions = (
				en,
				Base,
			);
			mainGroup = 8D6475362991C44B00B74EAF;
			packageReferences = (
				8D6475562991C51700B74EAF /* XCRemoteSwiftPackageReference "firebase-ios-sdk" */,
			);
			productRefGroup = 8D6475402991C44B00B74EAF /* Products */;
			projectDirPath = "";
			projectRoot = "";
			targets = (
				8D64753E2991C44B00B74EAF /* ArchitecturesUIKit */,
			);
		};
/* End PBXProject section */

/* Begin PBXResourcesBuildPhase section */
		8D64753D2991C44B00B74EAF /* Resources */ = {
			isa = PBXResourcesBuildPhase;
			buildActionMask = 2147483647;
			files = (
				8D64754F2991C44D00B74EAF /* LaunchScreen.storyboard in Resources */,
				8D64754C2991C44D00B74EAF /* Assets.xcassets in Resources */,
				8D64755C2991C98C00B74EAF /* GoogleService-Info.plist in Resources */,
			);
			runOnlyForDeploymentPostprocessing = 0;
		};
/* End PBXResourcesBuildPhase section */

/* Begin PBXSourcesBuildPhase section */
		8D64753B2991C44B00B74EAF /* Sources */ = {
			isa = PBXSourcesBuildPhase;
			buildActionMask = 2147483647;
			files = (
				8D2CB2B42992D0CB009CA52E /* UIViewController+.swift in Sources */,
				8D7401F6299C0830008BFE17 /* HomeInteractor.swift in Sources */,
				8D2CB2AB2992873C009CA52E /* RegisterView.swift in Sources */,
				8D2CB2C12992F3D9009CA52E /* ImageService.swift in Sources */,
				8D7401F5299C0830008BFE17 /* HomeViewController.swift in Sources */,
				8D7401DA299BDA1C008BFE17 /* LoginWorker.swift in Sources */,
				8D7401EA299BFC7F008BFE17 /* RegisterInteractor.swift in Sources */,
				8D7401DB299BDA1C008BFE17 /* LoginRouter.swift in Sources */,
				8D7401F2299C0830008BFE17 /* HomeWorker.swift in Sources */,
				8D2CB2A429928601009CA52E /* CredentialService.swift in Sources */,
				8DF1192F299592A1001CF74E /* PersonView.swift in Sources */,
				8D7401F3299C0830008BFE17 /* HomeRouter.swift in Sources */,
				8D2CB2BF2992F1C9009CA52E /* Person.swift in Sources */,
				8D7401DD299BDA1C008BFE17 /* LoginViewController.swift in Sources */,
				8D2CB2A62992861B009CA52E /* Credentials.swift in Sources */,
				8D2CB2A829928669009CA52E /* AppState.swift in Sources */,
				8D7401E9299BFC7F008BFE17 /* RegisterViewController.swift in Sources */,
				8D2CB29C299277D9009CA52E /* UITextField+.swift in Sources */,
				8D7401E7299BFC7F008BFE17 /* RegisterRouter.swift in Sources */,
				8D6475432991C44B00B74EAF /* AppDelegate.swift in Sources */,
				8D6475622991D48400B74EAF /* LoginView.swift in Sources */,
				8D7401D9299BDA1C008BFE17 /* LoginPresenter.swift in Sources */,
				8D2CB2B0299289EA009CA52E /* HomeView.swift in Sources */,
				8D2CB2C32992FB30009CA52E /* PersonService.swift in Sources */,
				8D2CB2B62992DD0A009CA52E /* UserDefaultsManager.swift in Sources */,
				8D7401F1299C0830008BFE17 /* HomePresenter.swift in Sources */,
				8D7401DE299BDA1C008BFE17 /* LoginInteractor.swift in Sources */,
				8DF1192D29959296001CF74E /* PersonViewController.swift in Sources */,
				8D7401DC299BDA1C008BFE17 /* LoginModels.swift in Sources */,
				8D7401E8299BFC7F008BFE17 /* RegisterModels.swift in Sources */,
				8D7401F4299C0830008BFE17 /* HomeModels.swift in Sources */,
				8D7401E5299BFC7F008BFE17 /* RegisterPresenter.swift in Sources */,
				8D7401E6299BFC7F008BFE17 /* RegisterWorker.swift in Sources */,
				8D6475452991C44B00B74EAF /* SceneDelegate.swift in Sources */,
				8D2CB2B92992EBB4009CA52E /* HomeTableViewCell.swift in Sources */,
				8D2CB2A2299285A9009CA52E /* LocalFileManager.swift in Sources */,
			);
			runOnlyForDeploymentPostprocessing = 0;
		};
/* End PBXSourcesBuildPhase section */

/* Begin PBXVariantGroup section */
		8D64754D2991C44D00B74EAF /* LaunchScreen.storyboard */ = {
			isa = PBXVariantGroup;
			children = (
				8D64754E2991C44D00B74EAF /* Base */,
			);
			name = LaunchScreen.storyboard;
			sourceTree = "<group>";
		};
/* End PBXVariantGroup section */

/* Begin XCBuildConfiguration section */
		8D6475512991C44D00B74EAF /* Debug */ = {
			isa = XCBuildConfiguration;
			buildSettings = {
				ALWAYS_SEARCH_USER_PATHS = NO;
				CLANG_ANALYZER_NONNULL = YES;
				CLANG_ANALYZER_NUMBER_OBJECT_CONVERSION = YES_AGGRESSIVE;
				CLANG_CXX_LANGUAGE_STANDARD = "gnu++20";
				CLANG_ENABLE_MODULES = YES;
				CLANG_ENABLE_OBJC_ARC = YES;
				CLANG_ENABLE_OBJC_WEAK = YES;
				CLANG_WARN_BLOCK_CAPTURE_AUTORELEASING = YES;
				CLANG_WARN_BOOL_CONVERSION = YES;
				CLANG_WARN_COMMA = YES;
				CLANG_WARN_CONSTANT_CONVERSION = YES;
				CLANG_WARN_DEPRECATED_OBJC_IMPLEMENTATIONS = YES;
				CLANG_WARN_DIRECT_OBJC_ISA_USAGE = YES_ERROR;
				CLANG_WARN_DOCUMENTATION_COMMENTS = YES;
				CLANG_WARN_EMPTY_BODY = YES;
				CLANG_WARN_ENUM_CONVERSION = YES;
				CLANG_WARN_INFINITE_RECURSION = YES;
				CLANG_WARN_INT_CONVERSION = YES;
				CLANG_WARN_NON_LITERAL_NULL_CONVERSION = YES;
				CLANG_WARN_OBJC_IMPLICIT_RETAIN_SELF = YES;
				CLANG_WARN_OBJC_LITERAL_CONVERSION = YES;
				CLANG_WARN_OBJC_ROOT_CLASS = YES_ERROR;
				CLANG_WARN_QUOTED_INCLUDE_IN_FRAMEWORK_HEADER = YES;
				CLANG_WARN_RANGE_LOOP_ANALYSIS = YES;
				CLANG_WARN_STRICT_PROTOTYPES = YES;
				CLANG_WARN_SUSPICIOUS_MOVE = YES;
				CLANG_WARN_UNGUARDED_AVAILABILITY = YES_AGGRESSIVE;
				CLANG_WARN_UNREACHABLE_CODE = YES;
				CLANG_WARN__DUPLICATE_METHOD_MATCH = YES;
				COPY_PHASE_STRIP = NO;
				DEBUG_INFORMATION_FORMAT = dwarf;
				ENABLE_STRICT_OBJC_MSGSEND = YES;
				ENABLE_TESTABILITY = YES;
				GCC_C_LANGUAGE_STANDARD = gnu11;
				GCC_DYNAMIC_NO_PIC = NO;
				GCC_NO_COMMON_BLOCKS = YES;
				GCC_OPTIMIZATION_LEVEL = 0;
				GCC_PREPROCESSOR_DEFINITIONS = (
					"DEBUG=1",
					"$(inherited)",
				);
				GCC_WARN_64_TO_32_BIT_CONVERSION = YES;
				GCC_WARN_ABOUT_RETURN_TYPE = YES_ERROR;
				GCC_WARN_UNDECLARED_SELECTOR = YES;
				GCC_WARN_UNINITIALIZED_AUTOS = YES_AGGRESSIVE;
				GCC_WARN_UNUSED_FUNCTION = YES;
				GCC_WARN_UNUSED_VARIABLE = YES;
				IPHONEOS_DEPLOYMENT_TARGET = 16.2;
				MTL_ENABLE_DEBUG_INFO = INCLUDE_SOURCE;
				MTL_FAST_MATH = YES;
				ONLY_ACTIVE_ARCH = YES;
				SDKROOT = iphoneos;
				SWIFT_ACTIVE_COMPILATION_CONDITIONS = DEBUG;
				SWIFT_OPTIMIZATION_LEVEL = "-Onone";
			};
			name = Debug;
		};
		8D6475522991C44D00B74EAF /* Release */ = {
			isa = XCBuildConfiguration;
			buildSettings = {
				ALWAYS_SEARCH_USER_PATHS = NO;
				CLANG_ANALYZER_NONNULL = YES;
				CLANG_ANALYZER_NUMBER_OBJECT_CONVERSION = YES_AGGRESSIVE;
				CLANG_CXX_LANGUAGE_STANDARD = "gnu++20";
				CLANG_ENABLE_MODULES = YES;
				CLANG_ENABLE_OBJC_ARC = YES;
				CLANG_ENABLE_OBJC_WEAK = YES;
				CLANG_WARN_BLOCK_CAPTURE_AUTORELEASING = YES;
				CLANG_WARN_BOOL_CONVERSION = YES;
				CLANG_WARN_COMMA = YES;
				CLANG_WARN_CONSTANT_CONVERSION = YES;
				CLANG_WARN_DEPRECATED_OBJC_IMPLEMENTATIONS = YES;
				CLANG_WARN_DIRECT_OBJC_ISA_USAGE = YES_ERROR;
				CLANG_WARN_DOCUMENTATION_COMMENTS = YES;
				CLANG_WARN_EMPTY_BODY = YES;
				CLANG_WARN_ENUM_CONVERSION = YES;
				CLANG_WARN_INFINITE_RECURSION = YES;
				CLANG_WARN_INT_CONVERSION = YES;
				CLANG_WARN_NON_LITERAL_NULL_CONVERSION = YES;
				CLANG_WARN_OBJC_IMPLICIT_RETAIN_SELF = YES;
				CLANG_WARN_OBJC_LITERAL_CONVERSION = YES;
				CLANG_WARN_OBJC_ROOT_CLASS = YES_ERROR;
				CLANG_WARN_QUOTED_INCLUDE_IN_FRAMEWORK_HEADER = YES;
				CLANG_WARN_RANGE_LOOP_ANALYSIS = YES;
				CLANG_WARN_STRICT_PROTOTYPES = YES;
				CLANG_WARN_SUSPICIOUS_MOVE = YES;
				CLANG_WARN_UNGUARDED_AVAILABILITY = YES_AGGRESSIVE;
				CLANG_WARN_UNREACHABLE_CODE = YES;
				CLANG_WARN__DUPLICATE_METHOD_MATCH = YES;
				COPY_PHASE_STRIP = NO;
				DEBUG_INFORMATION_FORMAT = "dwarf-with-dsym";
				ENABLE_NS_ASSERTIONS = NO;
				ENABLE_STRICT_OBJC_MSGSEND = YES;
				GCC_C_LANGUAGE_STANDARD = gnu11;
				GCC_NO_COMMON_BLOCKS = YES;
				GCC_WARN_64_TO_32_BIT_CONVERSION = YES;
				GCC_WARN_ABOUT_RETURN_TYPE = YES_ERROR;
				GCC_WARN_UNDECLARED_SELECTOR = YES;
				GCC_WARN_UNINITIALIZED_AUTOS = YES_AGGRESSIVE;
				GCC_WARN_UNUSED_FUNCTION = YES;
				GCC_WARN_UNUSED_VARIABLE = YES;
				IPHONEOS_DEPLOYMENT_TARGET = 16.2;
				MTL_ENABLE_DEBUG_INFO = NO;
				MTL_FAST_MATH = YES;
				SDKROOT = iphoneos;
				SWIFT_COMPILATION_MODE = wholemodule;
				SWIFT_OPTIMIZATION_LEVEL = "-O";
				VALIDATE_PRODUCT = YES;
			};
			name = Release;
		};
		8D6475542991C44D00B74EAF /* Debug */ = {
			isa = XCBuildConfiguration;
			buildSettings = {
				ASSETCATALOG_COMPILER_APPICON_NAME = AppIcon;
				ASSETCATALOG_COMPILER_GLOBAL_ACCENT_COLOR_NAME = AccentColor;
				CODE_SIGN_STYLE = Automatic;
				CURRENT_PROJECT_VERSION = 1;
				GENERATE_INFOPLIST_FILE = YES;
				INFOPLIST_FILE = ArchitecturesUIKit/Info.plist;
				INFOPLIST_KEY_UIApplicationSupportsIndirectInputEvents = YES;
				INFOPLIST_KEY_UILaunchStoryboardName = LaunchScreen;
				INFOPLIST_KEY_UIMainStoryboardFile = "";
				INFOPLIST_KEY_UISupportedInterfaceOrientations_iPad = "UIInterfaceOrientationPortrait UIInterfaceOrientationPortraitUpsideDown UIInterfaceOrientationLandscapeLeft UIInterfaceOrientationLandscapeRight";
				INFOPLIST_KEY_UISupportedInterfaceOrientations_iPhone = "UIInterfaceOrientationPortrait UIInterfaceOrientationLandscapeLeft UIInterfaceOrientationLandscapeRight";
				LD_RUNPATH_SEARCH_PATHS = (
					"$(inherited)",
					"@executable_path/Frameworks",
				);
				MARKETING_VERSION = 1.0;
				PRODUCT_BUNDLE_IDENTIFIER = fre.ArchitecturesUIKit;
				PRODUCT_NAME = "$(TARGET_NAME)";
				SWIFT_EMIT_LOC_STRINGS = YES;
				SWIFT_VERSION = 5.0;
				TARGETED_DEVICE_FAMILY = "1,2";
			};
			name = Debug;
		};
		8D6475552991C44D00B74EAF /* Release */ = {
			isa = XCBuildConfiguration;
			buildSettings = {
				ASSETCATALOG_COMPILER_APPICON_NAME = AppIcon;
				ASSETCATALOG_COMPILER_GLOBAL_ACCENT_COLOR_NAME = AccentColor;
				CODE_SIGN_STYLE = Automatic;
				CURRENT_PROJECT_VERSION = 1;
				GENERATE_INFOPLIST_FILE = YES;
				INFOPLIST_FILE = ArchitecturesUIKit/Info.plist;
				INFOPLIST_KEY_UIApplicationSupportsIndirectInputEvents = YES;
				INFOPLIST_KEY_UILaunchStoryboardName = LaunchScreen;
				INFOPLIST_KEY_UIMainStoryboardFile = "";
				INFOPLIST_KEY_UISupportedInterfaceOrientations_iPad = "UIInterfaceOrientationPortrait UIInterfaceOrientationPortraitUpsideDown UIInterfaceOrientationLandscapeLeft UIInterfaceOrientationLandscapeRight";
				INFOPLIST_KEY_UISupportedInterfaceOrientations_iPhone = "UIInterfaceOrientationPortrait UIInterfaceOrientationLandscapeLeft UIInterfaceOrientationLandscapeRight";
				LD_RUNPATH_SEARCH_PATHS = (
					"$(inherited)",
					"@executable_path/Frameworks",
				);
				MARKETING_VERSION = 1.0;
				PRODUCT_BUNDLE_IDENTIFIER = fre.ArchitecturesUIKit;
				PRODUCT_NAME = "$(TARGET_NAME)";
				SWIFT_EMIT_LOC_STRINGS = YES;
				SWIFT_VERSION = 5.0;
				TARGETED_DEVICE_FAMILY = "1,2";
			};
			name = Release;
		};
/* End XCBuildConfiguration section */

/* Begin XCConfigurationList section */
		8D64753A2991C44B00B74EAF /* Build configuration list for PBXProject "ArchitecturesUIKit" */ = {
			isa = XCConfigurationList;
			buildConfigurations = (
				8D6475512991C44D00B74EAF /* Debug */,
				8D6475522991C44D00B74EAF /* Release */,
			);
			defaultConfigurationIsVisible = 0;
			defaultConfigurationName = Release;
		};
		8D6475532991C44D00B74EAF /* Build configuration list for PBXNativeTarget "ArchitecturesUIKit" */ = {
			isa = XCConfigurationList;
			buildConfigurations = (
				8D6475542991C44D00B74EAF /* Debug */,
				8D6475552991C44D00B74EAF /* Release */,
			);
			defaultConfigurationIsVisible = 0;
			defaultConfigurationName = Release;
		};
/* End XCConfigurationList section */

/* Begin XCRemoteSwiftPackageReference section */
		8D6475562991C51700B74EAF /* XCRemoteSwiftPackageReference "firebase-ios-sdk" */ = {
			isa = XCRemoteSwiftPackageReference;
			repositoryURL = "https://github.com/firebase/firebase-ios-sdk";
			requirement = {
				kind = upToNextMajorVersion;
				minimumVersion = 9.0.0;
			};
		};
/* End XCRemoteSwiftPackageReference section */

/* Begin XCSwiftPackageProductDependency section */
		8D6475572991C51700B74EAF /* FirebaseAuth */ = {
			isa = XCSwiftPackageProductDependency;
			package = 8D6475562991C51700B74EAF /* XCRemoteSwiftPackageReference "firebase-ios-sdk" */;
			productName = FirebaseAuth;
		};
		8D6475592991C51700B74EAF /* FirebaseFirestore */ = {
			isa = XCSwiftPackageProductDependency;
			package = 8D6475562991C51700B74EAF /* XCRemoteSwiftPackageReference "firebase-ios-sdk" */;
			productName = FirebaseFirestore;
		};
/* End XCSwiftPackageProductDependency section */
	};
	rootObject = 8D6475372991C44B00B74EAF /* Project object */;
}
